
Microsoft Visual Studio Solution File, Format Version 12.00
# Visual Studio 15
VisualStudioVersion = 15.0.27703.2018
MinimumVisualStudioVersion = 10.0.40219.1
Project("{FAE04EC0-301F-11D3-BF4B-00C04F79EFBC}") = "SocialInitiatives3", "SocialInitiatives3\SocialInitiatives3.csproj", "{89C545D0-E24A-425A-9EC2-8B28A5A3EC20}"
EndProject
Global
	GlobalSection(SolutionConfigurationPlatforms) = preSolution
		Debug|Any CPU = Debug|Any CPU
		Release|Any CPU = Release|Any CPU
	EndGlobalSection
	GlobalSection(ProjectConfigurationPlatforms) = postSolution
		{89C545D0-E24A-425A-9EC2-8B28A5A3EC20}.Debug|Any CPU.ActiveCfg = Debug|Any CPU
		{89C545D0-E24A-425A-9EC2-8B28A5A3EC20}.Debug|Any CPU.Build.0 = Debug|Any CPU
		{89C545D0-E24A-425A-9EC2-8B28A5A3EC20}.Release|Any CPU.ActiveCfg = Release|Any CPU
		{89C545D0-E24A-425A-9EC2-8B28A5A3EC20}.Release|Any CPU.Build.0 = Release|Any CPU
	EndGlobalSection
	GlobalSection(SolutionProperties) = preSolution
		HideSolutionNode = FALSE
	EndGlobalSection
	GlobalSection(ExtensibilityGlobals) = postSolution
		SolutionGuid = {7B61FD5C-7185-41E6-B9E4-2F0CC2B82F36}
	EndGlobalSection
EndGlobal
